
Microsoft Visual Studio Solution File, Format Version 12.00
# Visual Studio Version 16
VisualStudioVersion = 16.0.29411.108
MinimumVisualStudioVersion = 10.0.40219.1
Project("{9A19103F-16F7-4668-BE54-9A1E7A4F7556}") = "Dyson.Core.WebApi", "Dyson.Core.WebApi\Dyson.Core.WebApi.csproj", "{3E9E7652-0D32-4AA5-BDE1-F0BCCE2DC1ED}"
EndProject
Project("{9A19103F-16F7-4668-BE54-9A1E7A4F7556}") = "Dyson.Core.WebApi.Common", "Dyson.Core.WebApi.Common\Dyson.Core.WebApi.Common.csproj", "{2D4ADAA0-A9B7-4B23-BD20-1DEC02FCB109}"
EndProject
Project("{9A19103F-16F7-4668-BE54-9A1E7A4F7556}") = "Dyson.Core.Test.Main", "Dyson.Core.Test.Main\Dyson.Core.Test.Main.csproj", "{D6F260B6-C758-4CE0-B5B8-9A654A2F611D}"
EndProject
Project("{9A19103F-16F7-4668-BE54-9A1E7A4F7556}") = "Dyson.Core.DataBase.Entity", "Dyson.Core.DataBase.Entity\Dyson.Core.DataBase.Entity.csproj", "{2C1B63F1-7548-4AC3-BA86-601D6C471572}"
EndProject
Project("{FAE04EC0-301F-11D3-BF4B-00C04F79EFBC}") = "Dyson.Core.Controller.TestUnit", "Dyson.Core.Controller.TestUnit\Dyson.Core.Controller.TestUnit.csproj", "{B337CCCA-5D4D-4075-8BA7-9C36BCE0FB99}"
EndProject
Project("{FAE04EC0-301F-11D3-BF4B-00C04F79EFBC}") = "Dyson.Core.Command.TestUnit", "Dyson.Core.Command.TestUnit\Dyson.Core.Command.TestUnit.csproj", "{CC796C2A-EE0D-4F8D-A354-FCA27432B7B5}"
EndProject
Global
	GlobalSection(SolutionConfigurationPlatforms) = preSolution
		Debug|Any CPU = Debug|Any CPU
		Release|Any CPU = Release|Any CPU
	EndGlobalSection
	GlobalSection(ProjectConfigurationPlatforms) = postSolution
		{3E9E7652-0D32-4AA5-BDE1-F0BCCE2DC1ED}.Debug|Any CPU.ActiveCfg = Debug|Any CPU
		{3E9E7652-0D32-4AA5-BDE1-F0BCCE2DC1ED}.Debug|Any CPU.Build.0 = Debug|Any CPU
		{3E9E7652-0D32-4AA5-BDE1-F0BCCE2DC1ED}.Release|Any CPU.ActiveCfg = Release|Any CPU
		{3E9E7652-0D32-4AA5-BDE1-F0BCCE2DC1ED}.Release|Any CPU.Build.0 = Release|Any CPU
		{2D4ADAA0-A9B7-4B23-BD20-1DEC02FCB109}.Debug|Any CPU.ActiveCfg = Debug|Any CPU
		{2D4ADAA0-A9B7-4B23-BD20-1DEC02FCB109}.Debug|Any CPU.Build.0 = Debug|Any CPU
		{2D4ADAA0-A9B7-4B23-BD20-1DEC02FCB109}.Release|Any CPU.ActiveCfg = Release|Any CPU
		{2D4ADAA0-A9B7-4B23-BD20-1DEC02FCB109}.Release|Any CPU.Build.0 = Release|Any CPU
		{D6F260B6-C758-4CE0-B5B8-9A654A2F611D}.Debug|Any CPU.ActiveCfg = Debug|Any CPU
		{D6F260B6-C758-4CE0-B5B8-9A654A2F611D}.Debug|Any CPU.Build.0 = Debug|Any CPU
		{D6F260B6-C758-4CE0-B5B8-9A654A2F611D}.Release|Any CPU.ActiveCfg = Release|Any CPU
		{D6F260B6-C758-4CE0-B5B8-9A654A2F611D}.Release|Any CPU.Build.0 = Release|Any CPU
		{2C1B63F1-7548-4AC3-BA86-601D6C471572}.Debug|Any CPU.ActiveCfg = Debug|Any CPU
		{2C1B63F1-7548-4AC3-BA86-601D6C471572}.Debug|Any CPU.Build.0 = Debug|Any CPU
		{2C1B63F1-7548-4AC3-BA86-601D6C471572}.Release|Any CPU.ActiveCfg = Release|Any CPU
		{2C1B63F1-7548-4AC3-BA86-601D6C471572}.Release|Any CPU.Build.0 = Release|Any CPU
		{B337CCCA-5D4D-4075-8BA7-9C36BCE0FB99}.Debug|Any CPU.ActiveCfg = Debug|Any CPU
		{B337CCCA-5D4D-4075-8BA7-9C36BCE0FB99}.Debug|Any CPU.Build.0 = Debug|Any CPU
		{B337CCCA-5D4D-4075-8BA7-9C36BCE0FB99}.Release|Any CPU.ActiveCfg = Release|Any CPU
		{B337CCCA-5D4D-4075-8BA7-9C36BCE0FB99}.Release|Any CPU.Build.0 = Release|Any CPU
		{CC796C2A-EE0D-4F8D-A354-FCA27432B7B5}.Debug|Any CPU.ActiveCfg = Debug|Any CPU
		{CC796C2A-EE0D-4F8D-A354-FCA27432B7B5}.Debug|Any CPU.Build.0 = Debug|Any CPU
		{CC796C2A-EE0D-4F8D-A354-FCA27432B7B5}.Release|Any CPU.ActiveCfg = Release|Any CPU
		{CC796C2A-EE0D-4F8D-A354-FCA27432B7B5}.Release|Any CPU.Build.0 = Release|Any CPU
	EndGlobalSection
	GlobalSection(SolutionProperties) = preSolution
		HideSolutionNode = FALSE
	EndGlobalSection
	GlobalSection(ExtensibilityGlobals) = postSolution
		SolutionGuid = {E7CFFAD0-ECC8-4312-9769-78E078EF5586}
	EndGlobalSection
EndGlobal
